
Microsoft Visual Studio Solution File, Format Version 12.00
# Visual Studio Version 17
VisualStudioVersion = 17.0.32014.148
MinimumVisualStudioVersion = 10.0.40219.1
Project("{8BC9CEB8-8B4A-11D0-8D11-00A0C91BC942}") = "AI2AO", "AI2AO\AI2AO.vcxproj", "{3149E70A-A46B-4243-AC0A-2BD30E48684A}"
EndProject
Global
	GlobalSection(SolutionConfigurationPlatforms) = preSolution
		Debug|x64 = Debug|x64
		Debug|x86 = Debug|x86
		Release|x64 = Release|x64
		Release|x86 = Release|x86
	EndGlobalSection
	GlobalSection(ProjectConfigurationPlatforms) = postSolution
		{3149E70A-A46B-4243-AC0A-2BD30E48684A}.Debug|x64.ActiveCfg = Debug|x64
		{3149E70A-A46B-4243-AC0A-2BD30E48684A}.Debug|x64.Build.0 = Debug|x64
		{3149E70A-A46B-4243-AC0A-2BD30E48684A}.Debug|x86.ActiveCfg = Debug|Win32
		{3149E70A-A46B-4243-AC0A-2BD30E48684A}.Debug|x86.Build.0 = Debug|Win32
		{3149E70A-A46B-4243-AC0A-2BD30E48684A}.Release|x64.ActiveCfg = Release|x64
		{3149E70A-A46B-4243-AC0A-2BD30E48684A}.Release|x64.Build.0 = Release|x64
		{3149E70A-A46B-4243-AC0A-2BD30E48684A}.Release|x86.ActiveCfg = Release|Win32
		{3149E70A-A46B-4243-AC0A-2BD30E48684A}.Release|x86.Build.0 = Release|Win32
	EndGlobalSection
	GlobalSection(SolutionProperties) = preSolution
		HideSolutionNode = FALSE
	EndGlobalSection
	GlobalSection(ExtensibilityGlobals) = postSolution
		SolutionGuid = {CB899ECF-6BE3-4BAE-9020-9F7946939940}
	EndGlobalSection
EndGlobal
